
Microsoft Visual Studio Solution File, Format Version 12.00
Project("{FAE04EC0-301F-11D3-BF4B-00C04F79EFBC}") = "QuickToken.Shared", "Shared\QuickToken.Shared\QuickToken.Shared.csproj", "{0942C7D4-31A8-47E1-A397-180BF325D7A8}"
EndProject
Project("{2150E333-8FDC-42A3-9474-1A3956D46DE8}") = "Shared", "Shared", "{FC570E19-83A3-481F-B9F8-27044E6FCD56}"
EndProject
Project("{2150E333-8FDC-42A3-9474-1A3956D46DE8}") = "Facade", "Facade", "{CBFF14A7-73C7-468C-8129-61C9EA69489E}"
EndProject
Project("{FAE04EC0-301F-11D3-BF4B-00C04F79EFBC}") = "QuickToken.Facade", "Facade\QuickToken.Facade\QuickToken.Facade.csproj", "{8C1CB139-03FA-4023-B0BF-110D46A2B5BC}"
EndProject
Project("{2150E333-8FDC-42A3-9474-1A3956D46DE8}") = "Database", "Database", "{AF829099-2617-4767-ACCF-164ADC26AFEB}"
EndProject
Project("{FAE04EC0-301F-11D3-BF4B-00C04F79EFBC}") = "QuickToken.Database", "Database\QuickToken.Database\QuickToken.Database.csproj", "{115862CF-E1AE-434D-8EB6-B9D13CBE920D}"
EndProject
Project("{FAE04EC0-301F-11D3-BF4B-00C04F79EFBC}") = "QuickToken.Facade.Contracts", "Facade\QuickToken.Facade.Contracts\QuickToken.Facade.Contracts.csproj", "{BD358C9A-9177-4123-8C09-D4D062A0B29A}"
EndProject
Project("{FAE04EC0-301F-11D3-BF4B-00C04F79EFBC}") = "QuickToken.Facade.Domain", "Facade\QuickToken.Facade.Domain\QuickToken.Facade.Domain.csproj", "{48E89E25-37B3-4B86-A543-A73A653863FC}"
EndProject
Project("{FAE04EC0-301F-11D3-BF4B-00C04F79EFBC}") = "QuickToken.Shared.Web", "Shared\QuickToken.Shared.Web\QuickToken.Shared.Web.csproj", "{27F5F2BC-9741-48E1-8F57-634197FA327C}"
EndProject
Project("{2150E333-8FDC-42A3-9474-1A3956D46DE8}") = "Core", "Core", "{671ACADB-8D05-4B1A-AD17-92490191824C}"
EndProject
Project("{FAE04EC0-301F-11D3-BF4B-00C04F79EFBC}") = "QuickToken.Core.EthAdapter", "Core\EthAdapter\QuickToken.Core.EthAdapter\QuickToken.Core.EthAdapter.csproj", "{6E437519-D725-4D36-A7AA-970CBDD8CBEF}"
EndProject
Project("{FAE04EC0-301F-11D3-BF4B-00C04F79EFBC}") = "QuickToken.Shared.Worker", "Shared\QuickToken.Shared.Worker\QuickToken.Shared.Worker.csproj", "{2B84F6E6-ABA3-4D68-A1DA-9268D4FEBE26}"
EndProject
Project("{FAE04EC0-301F-11D3-BF4B-00C04F79EFBC}") = "QuickToken.Core.EthAdapter.Domain", "Core\EthAdapter\QuickToken.Core.EthAdapter.Domain\QuickToken.Core.EthAdapter.Domain.csproj", "{6ED8FEC8-D047-4873-9EC8-0053C32956D2}"
EndProject
Project("{FAE04EC0-301F-11D3-BF4B-00C04F79EFBC}") = "QuickToken.Core.Shared.Contracts", "Core\Shared\QuickToken.Core.Shared.Contracts\QuickToken.Core.Shared.Contracts.csproj", "{E1B31A53-D581-4A65-8093-83D0966839E4}"
EndProject
Project("{2150E333-8FDC-42A3-9474-1A3956D46DE8}") = "Shared", "Shared", "{BC54D369-30CF-4D2A-9E35-386407AFF78D}"
EndProject
Project("{2150E333-8FDC-42A3-9474-1A3956D46DE8}") = "EthAdapter", "EthAdapter", "{A8E23236-A2D0-4374-A1FE-39E9FE7D7D20}"
EndProject
Project("{FAE04EC0-301F-11D3-BF4B-00C04F79EFBC}") = "QuickToken.Core.EthAdapter.Contracts", "Core\EthAdapter\QuickToken.Core.EthAdapter.Contracts\QuickToken.Core.EthAdapter.Contracts.csproj", "{DC3EEA2E-5304-4C6F-9D2F-34A86D73404C}"
EndProject
Project("{2150E333-8FDC-42A3-9474-1A3956D46DE8}") = "Cache", "Cache", "{D0B7D6D3-BBED-4A03-A562-8A370EF5A6E9}"
EndProject
Project("{FAE04EC0-301F-11D3-BF4B-00C04F79EFBC}") = "QuickToken.Core.Cache", "Core\Cache\QuickToken.Core.Cache\QuickToken.Core.Cache.csproj", "{5D9F889A-7856-4A44-BBAE-0BE481F2053F}"
EndProject
Project("{FAE04EC0-301F-11D3-BF4B-00C04F79EFBC}") = "QuickToken.Core.Shared.Services", "Core\Shared\QuickToken.Core.Shared.Services\QuickToken.Core.Shared.Services.csproj", "{899903CC-6D03-4E35-B0DA-418E5FA4AD3B}"
EndProject
Project("{FAE04EC0-301F-11D3-BF4B-00C04F79EFBC}") = "QuickToken.Shared.Eth", "Shared\QuickToken.Shared.Eth\QuickToken.Shared.Eth.csproj", "{A2BA80EE-40C8-4CB8-8C17-2F173DB8CD01}"
EndProject
Global
	GlobalSection(SolutionConfigurationPlatforms) = preSolution
		Debug|Any CPU = Debug|Any CPU
		Release|Any CPU = Release|Any CPU
	EndGlobalSection
	GlobalSection(ProjectConfigurationPlatforms) = postSolution
		{0942C7D4-31A8-47E1-A397-180BF325D7A8}.Debug|Any CPU.ActiveCfg = Debug|Any CPU
		{0942C7D4-31A8-47E1-A397-180BF325D7A8}.Debug|Any CPU.Build.0 = Debug|Any CPU
		{0942C7D4-31A8-47E1-A397-180BF325D7A8}.Release|Any CPU.ActiveCfg = Release|Any CPU
		{0942C7D4-31A8-47E1-A397-180BF325D7A8}.Release|Any CPU.Build.0 = Release|Any CPU
		{8C1CB139-03FA-4023-B0BF-110D46A2B5BC}.Debug|Any CPU.ActiveCfg = Debug|Any CPU
		{8C1CB139-03FA-4023-B0BF-110D46A2B5BC}.Debug|Any CPU.Build.0 = Debug|Any CPU
		{8C1CB139-03FA-4023-B0BF-110D46A2B5BC}.Release|Any CPU.ActiveCfg = Release|Any CPU
		{8C1CB139-03FA-4023-B0BF-110D46A2B5BC}.Release|Any CPU.Build.0 = Release|Any CPU
		{115862CF-E1AE-434D-8EB6-B9D13CBE920D}.Debug|Any CPU.ActiveCfg = Debug|Any CPU
		{115862CF-E1AE-434D-8EB6-B9D13CBE920D}.Debug|Any CPU.Build.0 = Debug|Any CPU
		{115862CF-E1AE-434D-8EB6-B9D13CBE920D}.Release|Any CPU.ActiveCfg = Release|Any CPU
		{115862CF-E1AE-434D-8EB6-B9D13CBE920D}.Release|Any CPU.Build.0 = Release|Any CPU
		{BD358C9A-9177-4123-8C09-D4D062A0B29A}.Debug|Any CPU.ActiveCfg = Debug|Any CPU
		{BD358C9A-9177-4123-8C09-D4D062A0B29A}.Debug|Any CPU.Build.0 = Debug|Any CPU
		{BD358C9A-9177-4123-8C09-D4D062A0B29A}.Release|Any CPU.ActiveCfg = Release|Any CPU
		{BD358C9A-9177-4123-8C09-D4D062A0B29A}.Release|Any CPU.Build.0 = Release|Any CPU
		{48E89E25-37B3-4B86-A543-A73A653863FC}.Debug|Any CPU.ActiveCfg = Debug|Any CPU
		{48E89E25-37B3-4B86-A543-A73A653863FC}.Debug|Any CPU.Build.0 = Debug|Any CPU
		{48E89E25-37B3-4B86-A543-A73A653863FC}.Release|Any CPU.ActiveCfg = Release|Any CPU
		{48E89E25-37B3-4B86-A543-A73A653863FC}.Release|Any CPU.Build.0 = Release|Any CPU
		{27F5F2BC-9741-48E1-8F57-634197FA327C}.Debug|Any CPU.ActiveCfg = Debug|Any CPU
		{27F5F2BC-9741-48E1-8F57-634197FA327C}.Debug|Any CPU.Build.0 = Debug|Any CPU
		{27F5F2BC-9741-48E1-8F57-634197FA327C}.Release|Any CPU.ActiveCfg = Release|Any CPU
		{27F5F2BC-9741-48E1-8F57-634197FA327C}.Release|Any CPU.Build.0 = Release|Any CPU
		{6E437519-D725-4D36-A7AA-970CBDD8CBEF}.Debug|Any CPU.ActiveCfg = Debug|Any CPU
		{6E437519-D725-4D36-A7AA-970CBDD8CBEF}.Debug|Any CPU.Build.0 = Debug|Any CPU
		{6E437519-D725-4D36-A7AA-970CBDD8CBEF}.Release|Any CPU.ActiveCfg = Release|Any CPU
		{6E437519-D725-4D36-A7AA-970CBDD8CBEF}.Release|Any CPU.Build.0 = Release|Any CPU
		{2B84F6E6-ABA3-4D68-A1DA-9268D4FEBE26}.Debug|Any CPU.ActiveCfg = Debug|Any CPU
		{2B84F6E6-ABA3-4D68-A1DA-9268D4FEBE26}.Debug|Any CPU.Build.0 = Debug|Any CPU
		{2B84F6E6-ABA3-4D68-A1DA-9268D4FEBE26}.Release|Any CPU.ActiveCfg = Release|Any CPU
		{2B84F6E6-ABA3-4D68-A1DA-9268D4FEBE26}.Release|Any CPU.Build.0 = Release|Any CPU
		{6ED8FEC8-D047-4873-9EC8-0053C32956D2}.Debug|Any CPU.ActiveCfg = Debug|Any CPU
		{6ED8FEC8-D047-4873-9EC8-0053C32956D2}.Debug|Any CPU.Build.0 = Debug|Any CPU
		{6ED8FEC8-D047-4873-9EC8-0053C32956D2}.Release|Any CPU.ActiveCfg = Release|Any CPU
		{6ED8FEC8-D047-4873-9EC8-0053C32956D2}.Release|Any CPU.Build.0 = Release|Any CPU
		{E1B31A53-D581-4A65-8093-83D0966839E4}.Debug|Any CPU.ActiveCfg = Debug|Any CPU
		{E1B31A53-D581-4A65-8093-83D0966839E4}.Debug|Any CPU.Build.0 = Debug|Any CPU
		{E1B31A53-D581-4A65-8093-83D0966839E4}.Release|Any CPU.ActiveCfg = Release|Any CPU
		{E1B31A53-D581-4A65-8093-83D0966839E4}.Release|Any CPU.Build.0 = Release|Any CPU
		{DC3EEA2E-5304-4C6F-9D2F-34A86D73404C}.Debug|Any CPU.ActiveCfg = Debug|Any CPU
		{DC3EEA2E-5304-4C6F-9D2F-34A86D73404C}.Debug|Any CPU.Build.0 = Debug|Any CPU
		{DC3EEA2E-5304-4C6F-9D2F-34A86D73404C}.Release|Any CPU.ActiveCfg = Release|Any CPU
		{DC3EEA2E-5304-4C6F-9D2F-34A86D73404C}.Release|Any CPU.Build.0 = Release|Any CPU
		{5D9F889A-7856-4A44-BBAE-0BE481F2053F}.Debug|Any CPU.ActiveCfg = Debug|Any CPU
		{5D9F889A-7856-4A44-BBAE-0BE481F2053F}.Debug|Any CPU.Build.0 = Debug|Any CPU
		{5D9F889A-7856-4A44-BBAE-0BE481F2053F}.Release|Any CPU.ActiveCfg = Release|Any CPU
		{5D9F889A-7856-4A44-BBAE-0BE481F2053F}.Release|Any CPU.Build.0 = Release|Any CPU
		{899903CC-6D03-4E35-B0DA-418E5FA4AD3B}.Debug|Any CPU.ActiveCfg = Debug|Any CPU
		{899903CC-6D03-4E35-B0DA-418E5FA4AD3B}.Debug|Any CPU.Build.0 = Debug|Any CPU
		{899903CC-6D03-4E35-B0DA-418E5FA4AD3B}.Release|Any CPU.ActiveCfg = Release|Any CPU
		{899903CC-6D03-4E35-B0DA-418E5FA4AD3B}.Release|Any CPU.Build.0 = Release|Any CPU
		{A2BA80EE-40C8-4CB8-8C17-2F173DB8CD01}.Debug|Any CPU.ActiveCfg = Debug|Any CPU
		{A2BA80EE-40C8-4CB8-8C17-2F173DB8CD01}.Debug|Any CPU.Build.0 = Debug|Any CPU
		{A2BA80EE-40C8-4CB8-8C17-2F173DB8CD01}.Release|Any CPU.ActiveCfg = Release|Any CPU
		{A2BA80EE-40C8-4CB8-8C17-2F173DB8CD01}.Release|Any CPU.Build.0 = Release|Any CPU
	EndGlobalSection
	GlobalSection(NestedProjects) = preSolution
		{0942C7D4-31A8-47E1-A397-180BF325D7A8} = {FC570E19-83A3-481F-B9F8-27044E6FCD56}
		{8C1CB139-03FA-4023-B0BF-110D46A2B5BC} = {CBFF14A7-73C7-468C-8129-61C9EA69489E}
		{115862CF-E1AE-434D-8EB6-B9D13CBE920D} = {AF829099-2617-4767-ACCF-164ADC26AFEB}
		{BD358C9A-9177-4123-8C09-D4D062A0B29A} = {CBFF14A7-73C7-468C-8129-61C9EA69489E}
		{48E89E25-37B3-4B86-A543-A73A653863FC} = {CBFF14A7-73C7-468C-8129-61C9EA69489E}
		{27F5F2BC-9741-48E1-8F57-634197FA327C} = {FC570E19-83A3-481F-B9F8-27044E6FCD56}
		{2B84F6E6-ABA3-4D68-A1DA-9268D4FEBE26} = {FC570E19-83A3-481F-B9F8-27044E6FCD56}
		{BC54D369-30CF-4D2A-9E35-386407AFF78D} = {671ACADB-8D05-4B1A-AD17-92490191824C}
		{E1B31A53-D581-4A65-8093-83D0966839E4} = {BC54D369-30CF-4D2A-9E35-386407AFF78D}
		{A8E23236-A2D0-4374-A1FE-39E9FE7D7D20} = {671ACADB-8D05-4B1A-AD17-92490191824C}
		{6E437519-D725-4D36-A7AA-970CBDD8CBEF} = {A8E23236-A2D0-4374-A1FE-39E9FE7D7D20}
		{6ED8FEC8-D047-4873-9EC8-0053C32956D2} = {A8E23236-A2D0-4374-A1FE-39E9FE7D7D20}
		{DC3EEA2E-5304-4C6F-9D2F-34A86D73404C} = {A8E23236-A2D0-4374-A1FE-39E9FE7D7D20}
		{D0B7D6D3-BBED-4A03-A562-8A370EF5A6E9} = {671ACADB-8D05-4B1A-AD17-92490191824C}
		{5D9F889A-7856-4A44-BBAE-0BE481F2053F} = {D0B7D6D3-BBED-4A03-A562-8A370EF5A6E9}
		{899903CC-6D03-4E35-B0DA-418E5FA4AD3B} = {BC54D369-30CF-4D2A-9E35-386407AFF78D}
		{A2BA80EE-40C8-4CB8-8C17-2F173DB8CD01} = {FC570E19-83A3-481F-B9F8-27044E6FCD56}
	EndGlobalSection
EndGlobal
